// !$*UTF8*$!
{
	archiveVersion = 1;
	classes = {
	};
	objectVersion = 50;
	objects = {

/* Begin PBXBuildFile section */
		1E1B62B2221413AC005B59AA /* LatihanPakeTopik.swift in Sources */ = {isa = PBXBuildFile; fileRef = 1E1B62B1221413AC005B59AA /* LatihanPakeTopik.swift */; };
		1EB5D3D8220AD0B9000A5C44 /* AlvaTesting.swift in Sources */ = {isa = PBXBuildFile; fileRef = 1EB5D3D7220AD0B9000A5C44 /* AlvaTesting.swift */; };
		1EF1D5DC220BD52700EF8BAB /* DateTableViewCell.swift in Sources */ = {isa = PBXBuildFile; fileRef = 1EF1D5D8220BD52600EF8BAB /* DateTableViewCell.swift */; };
		1EF1D5DD220BD52700EF8BAB /* HistoryDetail.swift in Sources */ = {isa = PBXBuildFile; fileRef = 1EF1D5D9220BD52700EF8BAB /* HistoryDetail.swift */; };
		1EF1D5DE220BD52700EF8BAB /* HistoryViewController.swift in Sources */ = {isa = PBXBuildFile; fileRef = 1EF1D5DA220BD52700EF8BAB /* HistoryViewController.swift */; };
		1EF1D5DF220BD52700EF8BAB /* LabelTableViewCell.swift in Sources */ = {isa = PBXBuildFile; fileRef = 1EF1D5DB220BD52700EF8BAB /* LabelTableViewCell.swift */; };
		1EF1D5E1220BD54400EF8BAB /* LessonVC.swift in Sources */ = {isa = PBXBuildFile; fileRef = 1EF1D5E0220BD54400EF8BAB /* LessonVC.swift */; };
		1EF1D617220BD64D00EF8BAB /* SF-Pro-Display-Light.otf in Resources */ = {isa = PBXBuildFile; fileRef = 1EF1D5E2220BD64B00EF8BAB /* SF-Pro-Display-Light.otf */; };
		1EF1D618220BD64D00EF8BAB /* SF-Pro-Display-Bold.otf in Resources */ = {isa = PBXBuildFile; fileRef = 1EF1D5E3220BD64B00EF8BAB /* SF-Pro-Display-Bold.otf */; };
		1EF1D619220BD64D00EF8BAB /* SF-Pro-Text-Regular.otf in Resources */ = {isa = PBXBuildFile; fileRef = 1EF1D5E4220BD64B00EF8BAB /* SF-Pro-Text-Regular.otf */; };
		1EF1D61A220BD64D00EF8BAB /* gilroy-extrabold.otf in Resources */ = {isa = PBXBuildFile; fileRef = 1EF1D5E5220BD64B00EF8BAB /* gilroy-extrabold.otf */; };
		1EF1D61B220BD64D00EF8BAB /* SFCompactText-Heavy.otf in Resources */ = {isa = PBXBuildFile; fileRef = 1EF1D5E6220BD64B00EF8BAB /* SFCompactText-Heavy.otf */; };
		1EF1D61C220BD64D00EF8BAB /* SF-Pro-Display-LightItalic.otf in Resources */ = {isa = PBXBuildFile; fileRef = 1EF1D5E7220BD64B00EF8BAB /* SF-Pro-Display-LightItalic.otf */; };
		1EF1D61D220BD64D00EF8BAB /* SFCompactText-Regular.otf in Resources */ = {isa = PBXBuildFile; fileRef = 1EF1D5E8220BD64B00EF8BAB /* SFCompactText-Regular.otf */; };
		1EF1D61E220BD64D00EF8BAB /* SF-Pro-Display-Heavy.otf in Resources */ = {isa = PBXBuildFile; fileRef = 1EF1D5E9220BD64B00EF8BAB /* SF-Pro-Display-Heavy.otf */; };
		1EF1D61F220BD64D00EF8BAB /* SFCompactText-Medium.otf in Resources */ = {isa = PBXBuildFile; fileRef = 1EF1D5EA220BD64B00EF8BAB /* SFCompactText-Medium.otf */; };
		1EF1D620220BD64D00EF8BAB /* SF-Pro-Text-Medium.otf in Resources */ = {isa = PBXBuildFile; fileRef = 1EF1D5EB220BD64B00EF8BAB /* SF-Pro-Text-Medium.otf */; };
		1EF1D621220BD64D00EF8BAB /* SF-Pro-Display-BoldItalic.otf in Resources */ = {isa = PBXBuildFile; fileRef = 1EF1D5EC220BD64B00EF8BAB /* SF-Pro-Display-BoldItalic.otf */; };
		1EF1D622220BD64D00EF8BAB /* SFCompactText-LightItalic.otf in Resources */ = {isa = PBXBuildFile; fileRef = 1EF1D5ED220BD64B00EF8BAB /* SFCompactText-LightItalic.otf */; };
		1EF1D623220BD64D00EF8BAB /* SFCompactText-RegularItalic.otf in Resources */ = {isa = PBXBuildFile; fileRef = 1EF1D5EE220BD64B00EF8BAB /* SFCompactText-RegularItalic.otf */; };
		1EF1D624220BD64D00EF8BAB /* SF-Pro-Display-SemiboldItalic.otf in Resources */ = {isa = PBXBuildFile; fileRef = 1EF1D5EF220BD64B00EF8BAB /* SF-Pro-Display-SemiboldItalic.otf */; };
		1EF1D625220BD64D00EF8BAB /* SFCompactText-Bold.otf in Resources */ = {isa = PBXBuildFile; fileRef = 1EF1D5F0220BD64B00EF8BAB /* SFCompactText-Bold.otf */; };
		1EF1D626220BD64D00EF8BAB /* SFCompactDisplay-Bold.otf in Resources */ = {isa = PBXBuildFile; fileRef = 1EF1D5F1220BD64B00EF8BAB /* SFCompactDisplay-Bold.otf */; };
		1EF1D627220BD64D00EF8BAB /* SF-Pro-Display-MediumItalic.otf in Resources */ = {isa = PBXBuildFile; fileRef = 1EF1D5F2220BD64B00EF8BAB /* SF-Pro-Display-MediumItalic.otf */; };
		1EF1D628220BD64D00EF8BAB /* SF-Pro-Text-Bold.otf in Resources */ = {isa = PBXBuildFile; fileRef = 1EF1D5F3220BD64B00EF8BAB /* SF-Pro-Text-Bold.otf */; };
		1EF1D629220BD64D00EF8BAB /* SF-Pro-Text-LightItalic.otf in Resources */ = {isa = PBXBuildFile; fileRef = 1EF1D5F4220BD64B00EF8BAB /* SF-Pro-Text-LightItalic.otf */; };
		1EF1D62A220BD64D00EF8BAB /* SFCompactDisplay-Medium.otf in Resources */ = {isa = PBXBuildFile; fileRef = 1EF1D5F5220BD64B00EF8BAB /* SFCompactDisplay-Medium.otf */; };
		1EF1D62B220BD64D00EF8BAB /* SF-Pro-Text-Heavy.otf in Resources */ = {isa = PBXBuildFile; fileRef = 1EF1D5F6220BD64C00EF8BAB /* SF-Pro-Text-Heavy.otf */; };
		1EF1D62C220BD64D00EF8BAB /* SFCompactText-HeavyItalic.otf in Resources */ = {isa = PBXBuildFile; fileRef = 1EF1D5F7220BD64C00EF8BAB /* SFCompactText-HeavyItalic.otf */; };
		1EF1D62D220BD64D00EF8BAB /* SFCompactText-MediumItalic.otf in Resources */ = {isa = PBXBuildFile; fileRef = 1EF1D5F8220BD64C00EF8BAB /* SFCompactText-MediumItalic.otf */; };
		1EF1D62E220BD64D00EF8BAB /* SF-Pro-Display-BlackItalic.otf in Resources */ = {isa = PBXBuildFile; fileRef = 1EF1D5F9220BD64C00EF8BAB /* SF-Pro-Display-BlackItalic.otf */; };
		1EF1D62F220BD64D00EF8BAB /* SFCompactDisplay-Thin.otf in Resources */ = {isa = PBXBuildFile; fileRef = 1EF1D5FA220BD64C00EF8BAB /* SFCompactDisplay-Thin.otf */; };
		1EF1D630220BD64D00EF8BAB /* SFCompactText-Light.otf in Resources */ = {isa = PBXBuildFile; fileRef = 1EF1D5FB220BD64C00EF8BAB /* SFCompactText-Light.otf */; };
		1EF1D631220BD64D00EF8BAB /* SF-Pro-Display-Medium.otf in Resources */ = {isa = PBXBuildFile; fileRef = 1EF1D5FC220BD64C00EF8BAB /* SF-Pro-Display-Medium.otf */; };
		1EF1D632220BD64D00EF8BAB /* SF-Pro-Text-RegularItalic.otf in Resources */ = {isa = PBXBuildFile; fileRef = 1EF1D5FD220BD64C00EF8BAB /* SF-Pro-Text-RegularItalic.otf */; };
		1EF1D633220BD64D00EF8BAB /* SF-Pro-Text-Light.otf in Resources */ = {isa = PBXBuildFile; fileRef = 1EF1D5FE220BD64C00EF8BAB /* SF-Pro-Text-Light.otf */; };
		1EF1D634220BD64D00EF8BAB /* SF-Pro-Display-Black.otf in Resources */ = {isa = PBXBuildFile; fileRef = 1EF1D5FF220BD64C00EF8BAB /* SF-Pro-Display-Black.otf */; };
		1EF1D635220BD64D00EF8BAB /* SFCompactDisplay-Black.otf in Resources */ = {isa = PBXBuildFile; fileRef = 1EF1D600220BD64C00EF8BAB /* SFCompactDisplay-Black.otf */; };
		1EF1D636220BD64D00EF8BAB /* SFCompactText-SemiboldItalic.otf in Resources */ = {isa = PBXBuildFile; fileRef = 1EF1D601220BD64C00EF8BAB /* SFCompactText-SemiboldItalic.otf */; };
		1EF1D637220BD64D00EF8BAB /* SFCompactDisplay-Semibold.otf in Resources */ = {isa = PBXBuildFile; fileRef = 1EF1D602220BD64C00EF8BAB /* SFCompactDisplay-Semibold.otf */; };
		1EF1D638220BD64D00EF8BAB /* SFCompactDisplay-Ultralight.otf in Resources */ = {isa = PBXBuildFile; fileRef = 1EF1D603220BD64C00EF8BAB /* SFCompactDisplay-Ultralight.otf */; };
		1EF1D639220BD64D00EF8BAB /* SF-Pro-Display-Ultralight.otf in Resources */ = {isa = PBXBuildFile; fileRef = 1EF1D604220BD64C00EF8BAB /* SF-Pro-Display-Ultralight.otf */; };
		1EF1D63A220BD64D00EF8BAB /* SF-Pro-Display-Thin.otf in Resources */ = {isa = PBXBuildFile; fileRef = 1EF1D605220BD64C00EF8BAB /* SF-Pro-Display-Thin.otf */; };
		1EF1D63B220BD64D00EF8BAB /* SF-Pro-Display-ThinItalic.otf in Resources */ = {isa = PBXBuildFile; fileRef = 1EF1D606220BD64C00EF8BAB /* SF-Pro-Display-ThinItalic.otf */; };
		1EF1D63C220BD64D00EF8BAB /* gilroy-light.otf in Resources */ = {isa = PBXBuildFile; fileRef = 1EF1D607220BD64C00EF8BAB /* gilroy-light.otf */; };
		1EF1D63D220BD64D00EF8BAB /* SF-Pro-Display-Regular.otf in Resources */ = {isa = PBXBuildFile; fileRef = 1EF1D608220BD64C00EF8BAB /* SF-Pro-Display-Regular.otf */; };
		1EF1D63E220BD64D00EF8BAB /* SF-Pro-Text-HeavyItalic.otf in Resources */ = {isa = PBXBuildFile; fileRef = 1EF1D609220BD64C00EF8BAB /* SF-Pro-Text-HeavyItalic.otf */; };
		1EF1D63F220BD64D00EF8BAB /* SF-Pro-Text-MediumItalic.otf in Resources */ = {isa = PBXBuildFile; fileRef = 1EF1D60A220BD64D00EF8BAB /* SF-Pro-Text-MediumItalic.otf */; };
		1EF1D640220BD64D00EF8BAB /* SFCompactText-BoldItalic.otf in Resources */ = {isa = PBXBuildFile; fileRef = 1EF1D60B220BD64D00EF8BAB /* SFCompactText-BoldItalic.otf */; };
		1EF1D641220BD64D00EF8BAB /* SFCompactDisplay-Regular.otf in Resources */ = {isa = PBXBuildFile; fileRef = 1EF1D60C220BD64D00EF8BAB /* SFCompactDisplay-Regular.otf */; };
		1EF1D642220BD64D00EF8BAB /* SFCompactText-Semibold.otf in Resources */ = {isa = PBXBuildFile; fileRef = 1EF1D60D220BD64D00EF8BAB /* SFCompactText-Semibold.otf */; };
		1EF1D643220BD64D00EF8BAB /* SFCompactDisplay-Light.otf in Resources */ = {isa = PBXBuildFile; fileRef = 1EF1D60E220BD64D00EF8BAB /* SFCompactDisplay-Light.otf */; };
		1EF1D644220BD64D00EF8BAB /* SF-Pro-Text-BoldItalic.otf in Resources */ = {isa = PBXBuildFile; fileRef = 1EF1D60F220BD64D00EF8BAB /* SF-Pro-Text-BoldItalic.otf */; };
		1EF1D645220BD64D00EF8BAB /* SF-Pro-Text-SemiboldItalic.otf in Resources */ = {isa = PBXBuildFile; fileRef = 1EF1D610220BD64D00EF8BAB /* SF-Pro-Text-SemiboldItalic.otf */; };
		1EF1D646220BD64D00EF8BAB /* SF-Pro-Display-HeavyItalic.otf in Resources */ = {isa = PBXBuildFile; fileRef = 1EF1D611220BD64D00EF8BAB /* SF-Pro-Display-HeavyItalic.otf */; };
		1EF1D647220BD64D00EF8BAB /* SFCompactDisplay-Heavy.otf in Resources */ = {isa = PBXBuildFile; fileRef = 1EF1D612220BD64D00EF8BAB /* SFCompactDisplay-Heavy.otf */; };
		1EF1D648220BD64D00EF8BAB /* SF-Pro-Text-Semibold.otf in Resources */ = {isa = PBXBuildFile; fileRef = 1EF1D613220BD64D00EF8BAB /* SF-Pro-Text-Semibold.otf */; };
		1EF1D649220BD64D00EF8BAB /* SF-Pro-Display-UltralightItalic.otf in Resources */ = {isa = PBXBuildFile; fileRef = 1EF1D614220BD64D00EF8BAB /* SF-Pro-Display-UltralightItalic.otf */; };
		1EF1D64A220BD64D00EF8BAB /* SF-Pro-Display-Semibold.otf in Resources */ = {isa = PBXBuildFile; fileRef = 1EF1D615220BD64D00EF8BAB /* SF-Pro-Display-Semibold.otf */; };
		1EF1D64B220BD64D00EF8BAB /* SF-Pro-Display-RegularItalic.otf in Resources */ = {isa = PBXBuildFile; fileRef = 1EF1D616220BD64D00EF8BAB /* SF-Pro-Display-RegularItalic.otf */; };
		1EF1D64D220BD89600EF8BAB /* TopicViewController.swift in Sources */ = {isa = PBXBuildFile; fileRef = 1EF1D64C220BD89600EF8BAB /* TopicViewController.swift */; };
		3C06BCCD220AD8B600455D9C /* RecordingVC.swift in Sources */ = {isa = PBXBuildFile; fileRef = 3C06BCCC220AD8B600455D9C /* RecordingVC.swift */; };
		3C0EFC9922111A9400FEB948 /* Audio+CoreDataClass.swift in Sources */ = {isa = PBXBuildFile; fileRef = 3C0EFC9722111A9400FEB948 /* Audio+CoreDataClass.swift */; };
		3C0EFC9A22111A9400FEB948 /* Audio+CoreDataProperties.swift in Sources */ = {isa = PBXBuildFile; fileRef = 3C0EFC9822111A9400FEB948 /* Audio+CoreDataProperties.swift */; };
		3C31E69A220AE3AB00E33910 /* FuncAndStuffs.swift in Sources */ = {isa = PBXBuildFile; fileRef = 3C31E698220AE3AA00E33910 /* FuncAndStuffs.swift */; };
		3C31E69B220AE3AB00E33910 /* Helpers.swift in Sources */ = {isa = PBXBuildFile; fileRef = 3C31E699220AE3AA00E33910 /* Helpers.swift */; };
		3C378135220ABC9F00225723 /* AppDelegate.swift in Sources */ = {isa = PBXBuildFile; fileRef = 3C378134220ABC9F00225723 /* AppDelegate.swift */; };
		3C378137220ABC9F00225723 /* ViewController.swift in Sources */ = {isa = PBXBuildFile; fileRef = 3C378136220ABC9F00225723 /* ViewController.swift */; };
		3C37813A220ABC9F00225723 /* Main.storyboard in Resources */ = {isa = PBXBuildFile; fileRef = 3C378138220ABC9F00225723 /* Main.storyboard */; };
		3C378142220ABC9F00225723 /* LaunchScreen.storyboard in Resources */ = {isa = PBXBuildFile; fileRef = 3C378140220ABC9F00225723 /* LaunchScreen.storyboard */; };
		3C37814D220ABC9F00225723 /* final_challengeTests.swift in Sources */ = {isa = PBXBuildFile; fileRef = 3C37814C220ABC9F00225723 /* final_challengeTests.swift */; };
		3C378158220ABC9F00225723 /* final_challengeUITests.swift in Sources */ = {isa = PBXBuildFile; fileRef = 3C378157220ABC9F00225723 /* final_challengeUITests.swift */; };
		3C378167220ABFBC00225723 /* Pelajaran.storyboard in Resources */ = {isa = PBXBuildFile; fileRef = 3C378165220ABFBC00225723 /* Pelajaran.storyboard */; };
		3C37816D220ABFFA00225723 /* Latihan.storyboard in Resources */ = {isa = PBXBuildFile; fileRef = 3C37816C220ABFFA00225723 /* Latihan.storyboard */; };
		3C378170220AC01100225723 /* Riwayat.storyboard in Resources */ = {isa = PBXBuildFile; fileRef = 3C37816E220AC01100225723 /* Riwayat.storyboard */; };
		3C6E38A1221265FC00F0FB44 /* RootTabBarViewController.swift in Sources */ = {isa = PBXBuildFile; fileRef = 3C6E38A0221265FC00F0FB44 /* RootTabBarViewController.swift */; };
		3C7E3E9522158C5F0031F532 /* Assets.xcassets in Resources */ = {isa = PBXBuildFile; fileRef = 3C37813E220ABC9F00225723 /* Assets.xcassets */; };
		3C83C573220C0EDC00A5DBAC /* HasilViewController.swift in Sources */ = {isa = PBXBuildFile; fileRef = 3C83C571220C0EDC00A5DBAC /* HasilViewController.swift */; };
		3C83C574220C0EDC00A5DBAC /* Hasil.storyboard in Resources */ = {isa = PBXBuildFile; fileRef = 3C83C572220C0EDC00A5DBAC /* Hasil.storyboard */; };
		3C934630221141FE007BEFB9 /* final_challenge.xcdatamodeld in Resources */ = {isa = PBXBuildFile; fileRef = 3C37813B220ABC9F00225723 /* final_challenge.xcdatamodeld */; };
		3C93463222116DFA007BEFB9 /* CoreDataAudio.swift in Sources */ = {isa = PBXBuildFile; fileRef = 3C93463122116DFA007BEFB9 /* CoreDataAudio.swift */; };
		3CB5913B220D73FB00B8926C /* LatihanWithTopic.storyboard in Resources */ = {isa = PBXBuildFile; fileRef = 3CB5913A220D73FB00B8926C /* LatihanWithTopic.storyboard */; };
		3CB5913D220D741900B8926C /* LatihanTopicVC.swift in Sources */ = {isa = PBXBuildFile; fileRef = 3CB5913C220D741900B8926C /* LatihanTopicVC.swift */; };
/* End PBXBuildFile section */

/* Begin PBXContainerItemProxy section */
		3C378149220ABC9F00225723 /* PBXContainerItemProxy */ = {
			isa = PBXContainerItemProxy;
			containerPortal = 3C378129220ABC9F00225723 /* Project object */;
			proxyType = 1;
			remoteGlobalIDString = 3C378130220ABC9F00225723;
			remoteInfo = "final challenge";
		};
		3C378154220ABC9F00225723 /* PBXContainerItemProxy */ = {
			isa = PBXContainerItemProxy;
			containerPortal = 3C378129220ABC9F00225723 /* Project object */;
			proxyType = 1;
			remoteGlobalIDString = 3C378130220ABC9F00225723;
			remoteInfo = "final challenge";
		};
/* End PBXContainerItemProxy section */

/* Begin PBXFileReference section */
		1E1B62B1221413AC005B59AA /* LatihanPakeTopik.swift */ = {isa = PBXFileReference; lastKnownFileType = sourcecode.swift; path = LatihanPakeTopik.swift; sourceTree = "<group>"; };
		1EB5D3D7220AD0B9000A5C44 /* AlvaTesting.swift */ = {isa = PBXFileReference; lastKnownFileType = sourcecode.swift; path = AlvaTesting.swift; sourceTree = "<group>"; };
		1EF1D5D8220BD52600EF8BAB /* DateTableViewCell.swift */ = {isa = PBXFileReference; fileEncoding = 4; lastKnownFileType = sourcecode.swift; path = DateTableViewCell.swift; sourceTree = "<group>"; };
		1EF1D5D9220BD52700EF8BAB /* HistoryDetail.swift */ = {isa = PBXFileReference; fileEncoding = 4; lastKnownFileType = sourcecode.swift; path = HistoryDetail.swift; sourceTree = "<group>"; };
		1EF1D5DA220BD52700EF8BAB /* HistoryViewController.swift */ = {isa = PBXFileReference; fileEncoding = 4; lastKnownFileType = sourcecode.swift; path = HistoryViewController.swift; sourceTree = "<group>"; };
		1EF1D5DB220BD52700EF8BAB /* LabelTableViewCell.swift */ = {isa = PBXFileReference; fileEncoding = 4; lastKnownFileType = sourcecode.swift; path = LabelTableViewCell.swift; sourceTree = "<group>"; };
		1EF1D5E0220BD54400EF8BAB /* LessonVC.swift */ = {isa = PBXFileReference; fileEncoding = 4; lastKnownFileType = sourcecode.swift; path = LessonVC.swift; sourceTree = "<group>"; };
		1EF1D5E2220BD64B00EF8BAB /* SF-Pro-Display-Light.otf */ = {isa = PBXFileReference; lastKnownFileType = file; path = "SF-Pro-Display-Light.otf"; sourceTree = "<group>"; };
		1EF1D5E3220BD64B00EF8BAB /* SF-Pro-Display-Bold.otf */ = {isa = PBXFileReference; lastKnownFileType = file; path = "SF-Pro-Display-Bold.otf"; sourceTree = "<group>"; };
		1EF1D5E4220BD64B00EF8BAB /* SF-Pro-Text-Regular.otf */ = {isa = PBXFileReference; lastKnownFileType = file; path = "SF-Pro-Text-Regular.otf"; sourceTree = "<group>"; };
		1EF1D5E5220BD64B00EF8BAB /* gilroy-extrabold.otf */ = {isa = PBXFileReference; lastKnownFileType = file; path = "gilroy-extrabold.otf"; sourceTree = "<group>"; };
		1EF1D5E6220BD64B00EF8BAB /* SFCompactText-Heavy.otf */ = {isa = PBXFileReference; lastKnownFileType = file; path = "SFCompactText-Heavy.otf"; sourceTree = "<group>"; };
		1EF1D5E7220BD64B00EF8BAB /* SF-Pro-Display-LightItalic.otf */ = {isa = PBXFileReference; lastKnownFileType = file; path = "SF-Pro-Display-LightItalic.otf"; sourceTree = "<group>"; };
		1EF1D5E8220BD64B00EF8BAB /* SFCompactText-Regular.otf */ = {isa = PBXFileReference; lastKnownFileType = file; path = "SFCompactText-Regular.otf"; sourceTree = "<group>"; };
		1EF1D5E9220BD64B00EF8BAB /* SF-Pro-Display-Heavy.otf */ = {isa = PBXFileReference; lastKnownFileType = file; path = "SF-Pro-Display-Heavy.otf"; sourceTree = "<group>"; };
		1EF1D5EA220BD64B00EF8BAB /* SFCompactText-Medium.otf */ = {isa = PBXFileReference; lastKnownFileType = file; path = "SFCompactText-Medium.otf"; sourceTree = "<group>"; };
		1EF1D5EB220BD64B00EF8BAB /* SF-Pro-Text-Medium.otf */ = {isa = PBXFileReference; lastKnownFileType = file; path = "SF-Pro-Text-Medium.otf"; sourceTree = "<group>"; };
		1EF1D5EC220BD64B00EF8BAB /* SF-Pro-Display-BoldItalic.otf */ = {isa = PBXFileReference; lastKnownFileType = file; path = "SF-Pro-Display-BoldItalic.otf"; sourceTree = "<group>"; };
		1EF1D5ED220BD64B00EF8BAB /* SFCompactText-LightItalic.otf */ = {isa = PBXFileReference; lastKnownFileType = file; path = "SFCompactText-LightItalic.otf"; sourceTree = "<group>"; };
		1EF1D5EE220BD64B00EF8BAB /* SFCompactText-RegularItalic.otf */ = {isa = PBXFileReference; lastKnownFileType = file; path = "SFCompactText-RegularItalic.otf"; sourceTree = "<group>"; };
		1EF1D5EF220BD64B00EF8BAB /* SF-Pro-Display-SemiboldItalic.otf */ = {isa = PBXFileReference; lastKnownFileType = file; path = "SF-Pro-Display-SemiboldItalic.otf"; sourceTree = "<group>"; };
		1EF1D5F0220BD64B00EF8BAB /* SFCompactText-Bold.otf */ = {isa = PBXFileReference; lastKnownFileType = file; path = "SFCompactText-Bold.otf"; sourceTree = "<group>"; };
		1EF1D5F1220BD64B00EF8BAB /* SFCompactDisplay-Bold.otf */ = {isa = PBXFileReference; lastKnownFileType = file; path = "SFCompactDisplay-Bold.otf"; sourceTree = "<group>"; };
		1EF1D5F2220BD64B00EF8BAB /* SF-Pro-Display-MediumItalic.otf */ = {isa = PBXFileReference; lastKnownFileType = file; path = "SF-Pro-Display-MediumItalic.otf"; sourceTree = "<group>"; };
		1EF1D5F3220BD64B00EF8BAB /* SF-Pro-Text-Bold.otf */ = {isa = PBXFileReference; lastKnownFileType = file; path = "SF-Pro-Text-Bold.otf"; sourceTree = "<group>"; };
		1EF1D5F4220BD64B00EF8BAB /* SF-Pro-Text-LightItalic.otf */ = {isa = PBXFileReference; lastKnownFileType = file; path = "SF-Pro-Text-LightItalic.otf"; sourceTree = "<group>"; };
		1EF1D5F5220BD64B00EF8BAB /* SFCompactDisplay-Medium.otf */ = {isa = PBXFileReference; lastKnownFileType = file; path = "SFCompactDisplay-Medium.otf"; sourceTree = "<group>"; };
		1EF1D5F6220BD64C00EF8BAB /* SF-Pro-Text-Heavy.otf */ = {isa = PBXFileReference; lastKnownFileType = file; path = "SF-Pro-Text-Heavy.otf"; sourceTree = "<group>"; };
		1EF1D5F7220BD64C00EF8BAB /* SFCompactText-HeavyItalic.otf */ = {isa = PBXFileReference; lastKnownFileType = file; path = "SFCompactText-HeavyItalic.otf"; sourceTree = "<group>"; };
		1EF1D5F8220BD64C00EF8BAB /* SFCompactText-MediumItalic.otf */ = {isa = PBXFileReference; lastKnownFileType = file; path = "SFCompactText-MediumItalic.otf"; sourceTree = "<group>"; };
		1EF1D5F9220BD64C00EF8BAB /* SF-Pro-Display-BlackItalic.otf */ = {isa = PBXFileReference; lastKnownFileType = file; path = "SF-Pro-Display-BlackItalic.otf"; sourceTree = "<group>"; };
		1EF1D5FA220BD64C00EF8BAB /* SFCompactDisplay-Thin.otf */ = {isa = PBXFileReference; lastKnownFileType = file; path = "SFCompactDisplay-Thin.otf"; sourceTree = "<group>"; };
		1EF1D5FB220BD64C00EF8BAB /* SFCompactText-Light.otf */ = {isa = PBXFileReference; lastKnownFileType = file; path = "SFCompactText-Light.otf"; sourceTree = "<group>"; };
		1EF1D5FC220BD64C00EF8BAB /* SF-Pro-Display-Medium.otf */ = {isa = PBXFileReference; lastKnownFileType = file; path = "SF-Pro-Display-Medium.otf"; sourceTree = "<group>"; };
		1EF1D5FD220BD64C00EF8BAB /* SF-Pro-Text-RegularItalic.otf */ = {isa = PBXFileReference; lastKnownFileType = file; path = "SF-Pro-Text-RegularItalic.otf"; sourceTree = "<group>"; };
		1EF1D5FE220BD64C00EF8BAB /* SF-Pro-Text-Light.otf */ = {isa = PBXFileReference; lastKnownFileType = file; path = "SF-Pro-Text-Light.otf"; sourceTree = "<group>"; };
		1EF1D5FF220BD64C00EF8BAB /* SF-Pro-Display-Black.otf */ = {isa = PBXFileReference; lastKnownFileType = file; path = "SF-Pro-Display-Black.otf"; sourceTree = "<group>"; };
		1EF1D600220BD64C00EF8BAB /* SFCompactDisplay-Black.otf */ = {isa = PBXFileReference; lastKnownFileType = file; path = "SFCompactDisplay-Black.otf"; sourceTree = "<group>"; };
		1EF1D601220BD64C00EF8BAB /* SFCompactText-SemiboldItalic.otf */ = {isa = PBXFileReference; lastKnownFileType = file; path = "SFCompactText-SemiboldItalic.otf"; sourceTree = "<group>"; };
		1EF1D602220BD64C00EF8BAB /* SFCompactDisplay-Semibold.otf */ = {isa = PBXFileReference; lastKnownFileType = file; path = "SFCompactDisplay-Semibold.otf"; sourceTree = "<group>"; };
		1EF1D603220BD64C00EF8BAB /* SFCompactDisplay-Ultralight.otf */ = {isa = PBXFileReference; lastKnownFileType = file; path = "SFCompactDisplay-Ultralight.otf"; sourceTree = "<group>"; };
		1EF1D604220BD64C00EF8BAB /* SF-Pro-Display-Ultralight.otf */ = {isa = PBXFileReference; lastKnownFileType = file; path = "SF-Pro-Display-Ultralight.otf"; sourceTree = "<group>"; };
		1EF1D605220BD64C00EF8BAB /* SF-Pro-Display-Thin.otf */ = {isa = PBXFileReference; lastKnownFileType = file; path = "SF-Pro-Display-Thin.otf"; sourceTree = "<group>"; };
		1EF1D606220BD64C00EF8BAB /* SF-Pro-Display-ThinItalic.otf */ = {isa = PBXFileReference; lastKnownFileType = file; path = "SF-Pro-Display-ThinItalic.otf"; sourceTree = "<group>"; };
		1EF1D607220BD64C00EF8BAB /* gilroy-light.otf */ = {isa = PBXFileReference; lastKnownFileType = file; path = "gilroy-light.otf"; sourceTree = "<group>"; };
		1EF1D608220BD64C00EF8BAB /* SF-Pro-Display-Regular.otf */ = {isa = PBXFileReference; lastKnownFileType = file; path = "SF-Pro-Display-Regular.otf"; sourceTree = "<group>"; };
		1EF1D609220BD64C00EF8BAB /* SF-Pro-Text-HeavyItalic.otf */ = {isa = PBXFileReference; lastKnownFileType = file; path = "SF-Pro-Text-HeavyItalic.otf"; sourceTree = "<group>"; };
		1EF1D60A220BD64D00EF8BAB /* SF-Pro-Text-MediumItalic.otf */ = {isa = PBXFileReference; lastKnownFileType = file; path = "SF-Pro-Text-MediumItalic.otf"; sourceTree = "<group>"; };
		1EF1D60B220BD64D00EF8BAB /* SFCompactText-BoldItalic.otf */ = {isa = PBXFileReference; lastKnownFileType = file; path = "SFCompactText-BoldItalic.otf"; sourceTree = "<group>"; };
		1EF1D60C220BD64D00EF8BAB /* SFCompactDisplay-Regular.otf */ = {isa = PBXFileReference; lastKnownFileType = file; path = "SFCompactDisplay-Regular.otf"; sourceTree = "<group>"; };
		1EF1D60D220BD64D00EF8BAB /* SFCompactText-Semibold.otf */ = {isa = PBXFileReference; lastKnownFileType = file; path = "SFCompactText-Semibold.otf"; sourceTree = "<group>"; };
		1EF1D60E220BD64D00EF8BAB /* SFCompactDisplay-Light.otf */ = {isa = PBXFileReference; lastKnownFileType = file; path = "SFCompactDisplay-Light.otf"; sourceTree = "<group>"; };
		1EF1D60F220BD64D00EF8BAB /* SF-Pro-Text-BoldItalic.otf */ = {isa = PBXFileReference; lastKnownFileType = file; path = "SF-Pro-Text-BoldItalic.otf"; sourceTree = "<group>"; };
		1EF1D610220BD64D00EF8BAB /* SF-Pro-Text-SemiboldItalic.otf */ = {isa = PBXFileReference; lastKnownFileType = file; path = "SF-Pro-Text-SemiboldItalic.otf"; sourceTree = "<group>"; };
		1EF1D611220BD64D00EF8BAB /* SF-Pro-Display-HeavyItalic.otf */ = {isa = PBXFileReference; lastKnownFileType = file; path = "SF-Pro-Display-HeavyItalic.otf"; sourceTree = "<group>"; };
		1EF1D612220BD64D00EF8BAB /* SFCompactDisplay-Heavy.otf */ = {isa = PBXFileReference; lastKnownFileType = file; path = "SFCompactDisplay-Heavy.otf"; sourceTree = "<group>"; };
		1EF1D613220BD64D00EF8BAB /* SF-Pro-Text-Semibold.otf */ = {isa = PBXFileReference; lastKnownFileType = file; path = "SF-Pro-Text-Semibold.otf"; sourceTree = "<group>"; };
		1EF1D614220BD64D00EF8BAB /* SF-Pro-Display-UltralightItalic.otf */ = {isa = PBXFileReference; lastKnownFileType = file; path = "SF-Pro-Display-UltralightItalic.otf"; sourceTree = "<group>"; };
		1EF1D615220BD64D00EF8BAB /* SF-Pro-Display-Semibold.otf */ = {isa = PBXFileReference; lastKnownFileType = file; path = "SF-Pro-Display-Semibold.otf"; sourceTree = "<group>"; };
		1EF1D616220BD64D00EF8BAB /* SF-Pro-Display-RegularItalic.otf */ = {isa = PBXFileReference; lastKnownFileType = file; path = "SF-Pro-Display-RegularItalic.otf"; sourceTree = "<group>"; };
		1EF1D64C220BD89600EF8BAB /* TopicViewController.swift */ = {isa = PBXFileReference; fileEncoding = 4; lastKnownFileType = sourcecode.swift; path = TopicViewController.swift; sourceTree = "<group>"; };
		3C06BCCC220AD8B600455D9C /* RecordingVC.swift */ = {isa = PBXFileReference; lastKnownFileType = sourcecode.swift; path = RecordingVC.swift; sourceTree = "<group>"; };
		3C0EFC9722111A9400FEB948 /* Audio+CoreDataClass.swift */ = {isa = PBXFileReference; lastKnownFileType = sourcecode.swift; path = "Audio+CoreDataClass.swift"; sourceTree = "<group>"; };
		3C0EFC9822111A9400FEB948 /* Audio+CoreDataProperties.swift */ = {isa = PBXFileReference; lastKnownFileType = sourcecode.swift; path = "Audio+CoreDataProperties.swift"; sourceTree = "<group>"; };
		3C31E698220AE3AA00E33910 /* FuncAndStuffs.swift */ = {isa = PBXFileReference; fileEncoding = 4; lastKnownFileType = sourcecode.swift; path = FuncAndStuffs.swift; sourceTree = "<group>"; };
		3C31E699220AE3AA00E33910 /* Helpers.swift */ = {isa = PBXFileReference; fileEncoding = 4; lastKnownFileType = sourcecode.swift; path = Helpers.swift; sourceTree = "<group>"; };
		3C378131220ABC9F00225723 /* final challenge.app */ = {isa = PBXFileReference; explicitFileType = wrapper.application; includeInIndex = 0; path = "final challenge.app"; sourceTree = BUILT_PRODUCTS_DIR; };
		3C378134220ABC9F00225723 /* AppDelegate.swift */ = {isa = PBXFileReference; lastKnownFileType = sourcecode.swift; path = AppDelegate.swift; sourceTree = "<group>"; };
		3C378136220ABC9F00225723 /* ViewController.swift */ = {isa = PBXFileReference; lastKnownFileType = sourcecode.swift; path = ViewController.swift; sourceTree = "<group>"; };
		3C378139220ABC9F00225723 /* Base */ = {isa = PBXFileReference; lastKnownFileType = file.storyboard; name = Base; path = Base.lproj/Main.storyboard; sourceTree = "<group>"; };
		3C37813C220ABC9F00225723 /* final_challenge.xcdatamodel */ = {isa = PBXFileReference; lastKnownFileType = wrapper.xcdatamodel; path = final_challenge.xcdatamodel; sourceTree = "<group>"; };
		3C37813E220ABC9F00225723 /* Assets.xcassets */ = {isa = PBXFileReference; lastKnownFileType = folder.assetcatalog; path = Assets.xcassets; sourceTree = "<group>"; };
		3C378141220ABC9F00225723 /* Base */ = {isa = PBXFileReference; lastKnownFileType = file.storyboard; name = Base; path = Base.lproj/LaunchScreen.storyboard; sourceTree = "<group>"; };
		3C378143220ABC9F00225723 /* Info.plist */ = {isa = PBXFileReference; lastKnownFileType = text.plist.xml; path = Info.plist; sourceTree = "<group>"; };
		3C378148220ABC9F00225723 /* final challengeTests.xctest */ = {isa = PBXFileReference; explicitFileType = wrapper.cfbundle; includeInIndex = 0; path = "final challengeTests.xctest"; sourceTree = BUILT_PRODUCTS_DIR; };
		3C37814C220ABC9F00225723 /* final_challengeTests.swift */ = {isa = PBXFileReference; lastKnownFileType = sourcecode.swift; path = final_challengeTests.swift; sourceTree = "<group>"; };
		3C37814E220ABC9F00225723 /* Info.plist */ = {isa = PBXFileReference; lastKnownFileType = text.plist.xml; path = Info.plist; sourceTree = "<group>"; };
		3C378153220ABC9F00225723 /* final challengeUITests.xctest */ = {isa = PBXFileReference; explicitFileType = wrapper.cfbundle; includeInIndex = 0; path = "final challengeUITests.xctest"; sourceTree = BUILT_PRODUCTS_DIR; };
		3C378157220ABC9F00225723 /* final_challengeUITests.swift */ = {isa = PBXFileReference; lastKnownFileType = sourcecode.swift; path = final_challengeUITests.swift; sourceTree = "<group>"; };
		3C378159220ABC9F00225723 /* Info.plist */ = {isa = PBXFileReference; lastKnownFileType = text.plist.xml; path = Info.plist; sourceTree = "<group>"; };
		3C378166220ABFBC00225723 /* Base */ = {isa = PBXFileReference; lastKnownFileType = file.storyboard; name = Base; path = "final challenge/Base.lproj/Pelajaran.storyboard"; sourceTree = "<group>"; };
		3C37816C220ABFFA00225723 /* Latihan.storyboard */ = {isa = PBXFileReference; fileEncoding = 4; lastKnownFileType = file.storyboard; path = Latihan.storyboard; sourceTree = "<group>"; };
		3C37816F220AC01100225723 /* Base */ = {isa = PBXFileReference; lastKnownFileType = file.storyboard; name = Base; path = "final challenge/Base.lproj/Riwayat.storyboard"; sourceTree = "<group>"; };
		3C6E38A0221265FC00F0FB44 /* RootTabBarViewController.swift */ = {isa = PBXFileReference; fileEncoding = 4; lastKnownFileType = sourcecode.swift; path = RootTabBarViewController.swift; sourceTree = "<group>"; };
		3C83C571220C0EDC00A5DBAC /* HasilViewController.swift */ = {isa = PBXFileReference; fileEncoding = 4; lastKnownFileType = sourcecode.swift; path = HasilViewController.swift; sourceTree = "<group>"; };
		3C83C572220C0EDC00A5DBAC /* Hasil.storyboard */ = {isa = PBXFileReference; fileEncoding = 4; lastKnownFileType = file.storyboard; path = Hasil.storyboard; sourceTree = "<group>"; };
		3C93463122116DFA007BEFB9 /* CoreDataAudio.swift */ = {isa = PBXFileReference; lastKnownFileType = sourcecode.swift; path = CoreDataAudio.swift; sourceTree = "<group>"; };
		3CB5913A220D73FB00B8926C /* LatihanWithTopic.storyboard */ = {isa = PBXFileReference; lastKnownFileType = file.storyboard; path = LatihanWithTopic.storyboard; sourceTree = "<group>"; };
		3CB5913C220D741900B8926C /* LatihanTopicVC.swift */ = {isa = PBXFileReference; lastKnownFileType = sourcecode.swift; path = LatihanTopicVC.swift; sourceTree = "<group>"; };
/* End PBXFileReference section */

/* Begin PBXFrameworksBuildPhase section */
		3C37812E220ABC9F00225723 /* Frameworks */ = {
			isa = PBXFrameworksBuildPhase;
			buildActionMask = 2147483647;
			files = (
			);
			runOnlyForDeploymentPostprocessing = 0;
		};
		3C378145220ABC9F00225723 /* Frameworks */ = {
			isa = PBXFrameworksBuildPhase;
			buildActionMask = 2147483647;
			files = (
			);
			runOnlyForDeploymentPostprocessing = 0;
		};
		3C378150220ABC9F00225723 /* Frameworks */ = {
			isa = PBXFrameworksBuildPhase;
			buildActionMask = 2147483647;
			files = (
			);
			runOnlyForDeploymentPostprocessing = 0;
		};
/* End PBXFrameworksBuildPhase section */

/* Begin PBXGroup section */
		1EB5D3D6220AD074000A5C44 /* Utils */ = {
			isa = PBXGroup;
			children = (
				3C31E698220AE3AA00E33910 /* FuncAndStuffs.swift */,
				3C31E699220AE3AA00E33910 /* Helpers.swift */,
				1EB5D3D7220AD0B9000A5C44 /* AlvaTesting.swift */,
			);
			path = Utils;
			sourceTree = "<group>";
		};
		1ED3687D220AD959000A086A /* font */ = {
			isa = PBXGroup;
			children = (
				1EF1D5E5220BD64B00EF8BAB /* gilroy-extrabold.otf */,
				1EF1D607220BD64C00EF8BAB /* gilroy-light.otf */,
				1EF1D5FF220BD64C00EF8BAB /* SF-Pro-Display-Black.otf */,
				1EF1D5F9220BD64C00EF8BAB /* SF-Pro-Display-BlackItalic.otf */,
				1EF1D5E3220BD64B00EF8BAB /* SF-Pro-Display-Bold.otf */,
				1EF1D5EC220BD64B00EF8BAB /* SF-Pro-Display-BoldItalic.otf */,
				1EF1D5E9220BD64B00EF8BAB /* SF-Pro-Display-Heavy.otf */,
				1EF1D611220BD64D00EF8BAB /* SF-Pro-Display-HeavyItalic.otf */,
				1EF1D5E2220BD64B00EF8BAB /* SF-Pro-Display-Light.otf */,
				1EF1D5E7220BD64B00EF8BAB /* SF-Pro-Display-LightItalic.otf */,
				1EF1D5FC220BD64C00EF8BAB /* SF-Pro-Display-Medium.otf */,
				1EF1D5F2220BD64B00EF8BAB /* SF-Pro-Display-MediumItalic.otf */,
				1EF1D608220BD64C00EF8BAB /* SF-Pro-Display-Regular.otf */,
				1EF1D616220BD64D00EF8BAB /* SF-Pro-Display-RegularItalic.otf */,
				1EF1D615220BD64D00EF8BAB /* SF-Pro-Display-Semibold.otf */,
				1EF1D5EF220BD64B00EF8BAB /* SF-Pro-Display-SemiboldItalic.otf */,
				1EF1D605220BD64C00EF8BAB /* SF-Pro-Display-Thin.otf */,
				1EF1D606220BD64C00EF8BAB /* SF-Pro-Display-ThinItalic.otf */,
				1EF1D604220BD64C00EF8BAB /* SF-Pro-Display-Ultralight.otf */,
				1EF1D614220BD64D00EF8BAB /* SF-Pro-Display-UltralightItalic.otf */,
				1EF1D5F3220BD64B00EF8BAB /* SF-Pro-Text-Bold.otf */,
				1EF1D60F220BD64D00EF8BAB /* SF-Pro-Text-BoldItalic.otf */,
				1EF1D5F6220BD64C00EF8BAB /* SF-Pro-Text-Heavy.otf */,
				1EF1D609220BD64C00EF8BAB /* SF-Pro-Text-HeavyItalic.otf */,
				1EF1D5FE220BD64C00EF8BAB /* SF-Pro-Text-Light.otf */,
				1EF1D5F4220BD64B00EF8BAB /* SF-Pro-Text-LightItalic.otf */,
				1EF1D5EB220BD64B00EF8BAB /* SF-Pro-Text-Medium.otf */,
				1EF1D60A220BD64D00EF8BAB /* SF-Pro-Text-MediumItalic.otf */,
				1EF1D5E4220BD64B00EF8BAB /* SF-Pro-Text-Regular.otf */,
				1EF1D5FD220BD64C00EF8BAB /* SF-Pro-Text-RegularItalic.otf */,
				1EF1D613220BD64D00EF8BAB /* SF-Pro-Text-Semibold.otf */,
				1EF1D610220BD64D00EF8BAB /* SF-Pro-Text-SemiboldItalic.otf */,
				1EF1D600220BD64C00EF8BAB /* SFCompactDisplay-Black.otf */,
				1EF1D5F1220BD64B00EF8BAB /* SFCompactDisplay-Bold.otf */,
				1EF1D612220BD64D00EF8BAB /* SFCompactDisplay-Heavy.otf */,
				1EF1D60E220BD64D00EF8BAB /* SFCompactDisplay-Light.otf */,
				1EF1D5F5220BD64B00EF8BAB /* SFCompactDisplay-Medium.otf */,
				1EF1D60C220BD64D00EF8BAB /* SFCompactDisplay-Regular.otf */,
				1EF1D602220BD64C00EF8BAB /* SFCompactDisplay-Semibold.otf */,
				1EF1D5FA220BD64C00EF8BAB /* SFCompactDisplay-Thin.otf */,
				1EF1D603220BD64C00EF8BAB /* SFCompactDisplay-Ultralight.otf */,
				1EF1D5F0220BD64B00EF8BAB /* SFCompactText-Bold.otf */,
				1EF1D60B220BD64D00EF8BAB /* SFCompactText-BoldItalic.otf */,
				1EF1D5E6220BD64B00EF8BAB /* SFCompactText-Heavy.otf */,
				1EF1D5F7220BD64C00EF8BAB /* SFCompactText-HeavyItalic.otf */,
				1EF1D5FB220BD64C00EF8BAB /* SFCompactText-Light.otf */,
				1EF1D5ED220BD64B00EF8BAB /* SFCompactText-LightItalic.otf */,
				1EF1D5EA220BD64B00EF8BAB /* SFCompactText-Medium.otf */,
				1EF1D5F8220BD64C00EF8BAB /* SFCompactText-MediumItalic.otf */,
				1EF1D5E8220BD64B00EF8BAB /* SFCompactText-Regular.otf */,
				1EF1D5EE220BD64B00EF8BAB /* SFCompactText-RegularItalic.otf */,
				1EF1D60D220BD64D00EF8BAB /* SFCompactText-Semibold.otf */,
				1EF1D601220BD64C00EF8BAB /* SFCompactText-SemiboldItalic.otf */,
			);
			path = font;
			sourceTree = "<group>";
		};
		3C0EFC942211188600FEB948 /* Model */ = {
			isa = PBXGroup;
			children = (
				3C0EFC9722111A9400FEB948 /* Audio+CoreDataClass.swift */,
				3C0EFC9822111A9400FEB948 /* Audio+CoreDataProperties.swift */,
				3C93463122116DFA007BEFB9 /* CoreDataAudio.swift */,
			);
			path = Model;
			sourceTree = "<group>";
		};
		3C378128220ABC9F00225723 = {
			isa = PBXGroup;
			children = (
				3C378133220ABC9F00225723 /* final challenge */,
				3C37814B220ABC9F00225723 /* final challengeTests */,
				3C378156220ABC9F00225723 /* final challengeUITests */,
				3C378132220ABC9F00225723 /* Products */,
				3CDBC91F220ADE86001877C1 /* Recovered References */,
			);
			sourceTree = "<group>";
			usesTabs = 0;
		};
		3C378132220ABC9F00225723 /* Products */ = {
			isa = PBXGroup;
			children = (
				3C378131220ABC9F00225723 /* final challenge.app */,
				3C378148220ABC9F00225723 /* final challengeTests.xctest */,
				3C378153220ABC9F00225723 /* final challengeUITests.xctest */,
			);
			name = Products;
			sourceTree = "<group>";
		};
		3C378133220ABC9F00225723 /* final challenge */ = {
			isa = PBXGroup;
			children = (
				3C0EFC942211188600FEB948 /* Model */,
				3C83C570220C0EDC00A5DBAC /* Hasil */,
				3C378168220ABFC500225723 /* RootTabBar */,
				1EB5D3D6220AD074000A5C44 /* Utils */,
				3C37813E220ABC9F00225723 /* Assets.xcassets */,
				1ED3687D220AD959000A086A /* font */,
				3C378134220ABC9F00225723 /* AppDelegate.swift */,
				3C378136220ABC9F00225723 /* ViewController.swift */,
				3C378138220ABC9F00225723 /* Main.storyboard */,
				3C378140220ABC9F00225723 /* LaunchScreen.storyboard */,
				3C378143220ABC9F00225723 /* Info.plist */,
				3C37813B220ABC9F00225723 /* final_challenge.xcdatamodeld */,
			);
			path = "final challenge";
			sourceTree = "<group>";
		};
		3C37814B220ABC9F00225723 /* final challengeTests */ = {
			isa = PBXGroup;
			children = (
				3C37814C220ABC9F00225723 /* final_challengeTests.swift */,
				3C37814E220ABC9F00225723 /* Info.plist */,
			);
			path = "final challengeTests";
			sourceTree = "<group>";
		};
		3C378156220ABC9F00225723 /* final challengeUITests */ = {
			isa = PBXGroup;
			children = (
				3C378157220ABC9F00225723 /* final_challengeUITests.swift */,
				3C378159220ABC9F00225723 /* Info.plist */,
			);
			path = "final challengeUITests";
			sourceTree = "<group>";
		};
		3C378168220ABFC500225723 /* RootTabBar */ = {
			isa = PBXGroup;
			children = (
				3C6E38A0221265FC00F0FB44 /* RootTabBarViewController.swift */,
				3C37816B220ABFDD00225723 /* Riwayat */,
				3C37816A220ABFD800225723 /* Latihan */,
				3C378169220ABFD100225723 /* Pelajaran */,
			);
			path = RootTabBar;
			sourceTree = "<group>";
		};
		3C378169220ABFD100225723 /* Pelajaran */ = {
			isa = PBXGroup;
			children = (
				1E1B62B1221413AC005B59AA /* LatihanPakeTopik.swift */,
				1EF1D64C220BD89600EF8BAB /* TopicViewController.swift */,
				1EF1D5E0220BD54400EF8BAB /* LessonVC.swift */,
				3C378165220ABFBC00225723 /* Pelajaran.storyboard */,
			);
			path = Pelajaran;
			sourceTree = "<group>";
		};
		3C37816A220ABFD800225723 /* Latihan */ = {
			isa = PBXGroup;
			children = (
				3C06BCCC220AD8B600455D9C /* RecordingVC.swift */,
				3CB5913C220D741900B8926C /* LatihanTopicVC.swift */,
				3C37816C220ABFFA00225723 /* Latihan.storyboard */,
				3CB5913A220D73FB00B8926C /* LatihanWithTopic.storyboard */,
			);
			path = Latihan;
			sourceTree = "<group>";
		};
		3C37816B220ABFDD00225723 /* Riwayat */ = {
			isa = PBXGroup;
			children = (
				1EF1D5D8220BD52600EF8BAB /* DateTableViewCell.swift */,
				1EF1D5DA220BD52700EF8BAB /* HistoryViewController.swift */,
				1EF1D5DB220BD52700EF8BAB /* LabelTableViewCell.swift */,
				1EF1D5D9220BD52700EF8BAB /* HistoryDetail.swift */,
				3C37816E220AC01100225723 /* Riwayat.storyboard */,
			);
			path = Riwayat;
			sourceTree = "<group>";
		};
		3C83C570220C0EDC00A5DBAC /* Hasil */ = {
			isa = PBXGroup;
			children = (
				3C83C571220C0EDC00A5DBAC /* HasilViewController.swift */,
				3C83C572220C0EDC00A5DBAC /* Hasil.storyboard */,
			);
			path = Hasil;
			sourceTree = "<group>";
		};
		3CDBC91F220ADE86001877C1 /* Recovered References */ = {
			isa = PBXGroup;
			children = (
			);
			name = "Recovered References";
			sourceTree = "<group>";
		};
/* End PBXGroup section */

/* Begin PBXNativeTarget section */
		3C378130220ABC9F00225723 /* final challenge */ = {
			isa = PBXNativeTarget;
			buildConfigurationList = 3C37815C220ABC9F00225723 /* Build configuration list for PBXNativeTarget "final challenge" */;
			buildPhases = (
				3C37812D220ABC9F00225723 /* Sources */,
				3C37812E220ABC9F00225723 /* Frameworks */,
				3C37812F220ABC9F00225723 /* Resources */,
			);
			buildRules = (
			);
			dependencies = (
			);
			name = "final challenge";
			productName = "final challenge";
			productReference = 3C378131220ABC9F00225723 /* final challenge.app */;
			productType = "com.apple.product-type.application";
		};
		3C378147220ABC9F00225723 /* final challengeTests */ = {
			isa = PBXNativeTarget;
			buildConfigurationList = 3C37815F220ABC9F00225723 /* Build configuration list for PBXNativeTarget "final challengeTests" */;
			buildPhases = (
				3C378144220ABC9F00225723 /* Sources */,
				3C378145220ABC9F00225723 /* Frameworks */,
				3C378146220ABC9F00225723 /* Resources */,
			);
			buildRules = (
			);
			dependencies = (
				3C37814A220ABC9F00225723 /* PBXTargetDependency */,
			);
			name = "final challengeTests";
			productName = "final challengeTests";
			productReference = 3C378148220ABC9F00225723 /* final challengeTests.xctest */;
			productType = "com.apple.product-type.bundle.unit-test";
		};
		3C378152220ABC9F00225723 /* final challengeUITests */ = {
			isa = PBXNativeTarget;
			buildConfigurationList = 3C378162220ABC9F00225723 /* Build configuration list for PBXNativeTarget "final challengeUITests" */;
			buildPhases = (
				3C37814F220ABC9F00225723 /* Sources */,
				3C378150220ABC9F00225723 /* Frameworks */,
				3C378151220ABC9F00225723 /* Resources */,
			);
			buildRules = (
			);
			dependencies = (
				3C378155220ABC9F00225723 /* PBXTargetDependency */,
			);
			name = "final challengeUITests";
			productName = "final challengeUITests";
			productReference = 3C378153220ABC9F00225723 /* final challengeUITests.xctest */;
			productType = "com.apple.product-type.bundle.ui-testing";
		};
/* End PBXNativeTarget section */

/* Begin PBXProject section */
		3C378129220ABC9F00225723 /* Project object */ = {
			isa = PBXProject;
			attributes = {
				LastSwiftUpdateCheck = 1010;
				LastUpgradeCheck = 1010;
				ORGANIZATIONNAME = "Adi Sukarno Rachman";
				TargetAttributes = {
					3C378130220ABC9F00225723 = {
						CreatedOnToolsVersion = 10.1;
					};
					3C378147220ABC9F00225723 = {
						CreatedOnToolsVersion = 10.1;
						TestTargetID = 3C378130220ABC9F00225723;
					};
					3C378152220ABC9F00225723 = {
						CreatedOnToolsVersion = 10.1;
						TestTargetID = 3C378130220ABC9F00225723;
					};
				};
			};
			buildConfigurationList = 3C37812C220ABC9F00225723 /* Build configuration list for PBXProject "final challenge" */;
			compatibilityVersion = "Xcode 9.3";
			developmentRegion = en;
			hasScannedForEncodings = 0;
			knownRegions = (
				en,
				Base,
			);
			mainGroup = 3C378128220ABC9F00225723;
			productRefGroup = 3C378132220ABC9F00225723 /* Products */;
			projectDirPath = "";
			projectRoot = "";
			targets = (
				3C378130220ABC9F00225723 /* final challenge */,
				3C378147220ABC9F00225723 /* final challengeTests */,
				3C378152220ABC9F00225723 /* final challengeUITests */,
			);
		};
/* End PBXProject section */

/* Begin PBXResourcesBuildPhase section */
		3C37812F220ABC9F00225723 /* Resources */ = {
			isa = PBXResourcesBuildPhase;
			buildActionMask = 2147483647;
			files = (
				3C934630221141FE007BEFB9 /* final_challenge.xcdatamodeld in Resources */,
				1EF1D625220BD64D00EF8BAB /* SFCompactText-Bold.otf in Resources */,
				1EF1D617220BD64D00EF8BAB /* SF-Pro-Display-Light.otf in Resources */,
				1EF1D628220BD64D00EF8BAB /* SF-Pro-Text-Bold.otf in Resources */,
				3C378142220ABC9F00225723 /* LaunchScreen.storyboard in Resources */,
				1EF1D64B220BD64D00EF8BAB /* SF-Pro-Display-RegularItalic.otf in Resources */,
				1EF1D64A220BD64D00EF8BAB /* SF-Pro-Display-Semibold.otf in Resources */,
				1EF1D632220BD64D00EF8BAB /* SF-Pro-Text-RegularItalic.otf in Resources */,
				1EF1D63E220BD64D00EF8BAB /* SF-Pro-Text-HeavyItalic.otf in Resources */,
				1EF1D61C220BD64D00EF8BAB /* SF-Pro-Display-LightItalic.otf in Resources */,
				1EF1D626220BD64D00EF8BAB /* SFCompactDisplay-Bold.otf in Resources */,
				1EF1D631220BD64D00EF8BAB /* SF-Pro-Display-Medium.otf in Resources */,
				1EF1D63B220BD64D00EF8BAB /* SF-Pro-Display-ThinItalic.otf in Resources */,
				1EF1D623220BD64D00EF8BAB /* SFCompactText-RegularItalic.otf in Resources */,
				1EF1D624220BD64D00EF8BAB /* SF-Pro-Display-SemiboldItalic.otf in Resources */,
				1EF1D640220BD64D00EF8BAB /* SFCompactText-BoldItalic.otf in Resources */,
				1EF1D643220BD64D00EF8BAB /* SFCompactDisplay-Light.otf in Resources */,
				1EF1D62D220BD64D00EF8BAB /* SFCompactText-MediumItalic.otf in Resources */,
				1EF1D634220BD64D00EF8BAB /* SF-Pro-Display-Black.otf in Resources */,
				1EF1D647220BD64D00EF8BAB /* SFCompactDisplay-Heavy.otf in Resources */,
				3CB5913B220D73FB00B8926C /* LatihanWithTopic.storyboard in Resources */,
				3C378167220ABFBC00225723 /* Pelajaran.storyboard in Resources */,
				1EF1D62F220BD64D00EF8BAB /* SFCompactDisplay-Thin.otf in Resources */,
				1EF1D63F220BD64D00EF8BAB /* SF-Pro-Text-MediumItalic.otf in Resources */,
				3C7E3E9522158C5F0031F532 /* Assets.xcassets in Resources */,
				1EF1D648220BD64D00EF8BAB /* SF-Pro-Text-Semibold.otf in Resources */,
				1EF1D63A220BD64D00EF8BAB /* SF-Pro-Display-Thin.otf in Resources */,
				1EF1D621220BD64D00EF8BAB /* SF-Pro-Display-BoldItalic.otf in Resources */,
				1EF1D620220BD64D00EF8BAB /* SF-Pro-Text-Medium.otf in Resources */,
				1EF1D627220BD64D00EF8BAB /* SF-Pro-Display-MediumItalic.otf in Resources */,
				1EF1D61A220BD64D00EF8BAB /* gilroy-extrabold.otf in Resources */,
				1EF1D62C220BD64D00EF8BAB /* SFCompactText-HeavyItalic.otf in Resources */,
				1EF1D646220BD64D00EF8BAB /* SF-Pro-Display-HeavyItalic.otf in Resources */,
				1EF1D644220BD64D00EF8BAB /* SF-Pro-Text-BoldItalic.otf in Resources */,
				1EF1D633220BD64D00EF8BAB /* SF-Pro-Text-Light.otf in Resources */,
				1EF1D62A220BD64D00EF8BAB /* SFCompactDisplay-Medium.otf in Resources */,
				1EF1D636220BD64D00EF8BAB /* SFCompactText-SemiboldItalic.otf in Resources */,
				1EF1D637220BD64D00EF8BAB /* SFCompactDisplay-Semibold.otf in Resources */,
				1EF1D63C220BD64D00EF8BAB /* gilroy-light.otf in Resources */,
				1EF1D61F220BD64D00EF8BAB /* SFCompactText-Medium.otf in Resources */,
				1EF1D638220BD64D00EF8BAB /* SFCompactDisplay-Ultralight.otf in Resources */,
				1EF1D629220BD64D00EF8BAB /* SF-Pro-Text-LightItalic.otf in Resources */,
				3C83C574220C0EDC00A5DBAC /* Hasil.storyboard in Resources */,
				1EF1D639220BD64D00EF8BAB /* SF-Pro-Display-Ultralight.otf in Resources */,
				3C37813A220ABC9F00225723 /* Main.storyboard in Resources */,
				3C378170220AC01100225723 /* Riwayat.storyboard in Resources */,
				1EF1D645220BD64D00EF8BAB /* SF-Pro-Text-SemiboldItalic.otf in Resources */,
				1EF1D61B220BD64D00EF8BAB /* SFCompactText-Heavy.otf in Resources */,
				1EF1D61E220BD64D00EF8BAB /* SF-Pro-Display-Heavy.otf in Resources */,
				1EF1D635220BD64D00EF8BAB /* SFCompactDisplay-Black.otf in Resources */,
				1EF1D649220BD64D00EF8BAB /* SF-Pro-Display-UltralightItalic.otf in Resources */,
				1EF1D630220BD64D00EF8BAB /* SFCompactText-Light.otf in Resources */,
				1EF1D619220BD64D00EF8BAB /* SF-Pro-Text-Regular.otf in Resources */,
				1EF1D62B220BD64D00EF8BAB /* SF-Pro-Text-Heavy.otf in Resources */,
				1EF1D62E220BD64D00EF8BAB /* SF-Pro-Display-BlackItalic.otf in Resources */,
				1EF1D622220BD64D00EF8BAB /* SFCompactText-LightItalic.otf in Resources */,
				1EF1D618220BD64D00EF8BAB /* SF-Pro-Display-Bold.otf in Resources */,
				3C37816D220ABFFA00225723 /* Latihan.storyboard in Resources */,
				1EF1D642220BD64D00EF8BAB /* SFCompactText-Semibold.otf in Resources */,
				1EF1D641220BD64D00EF8BAB /* SFCompactDisplay-Regular.otf in Resources */,
				1EF1D63D220BD64D00EF8BAB /* SF-Pro-Display-Regular.otf in Resources */,
				1EF1D61D220BD64D00EF8BAB /* SFCompactText-Regular.otf in Resources */,
			);
			runOnlyForDeploymentPostprocessing = 0;
		};
		3C378146220ABC9F00225723 /* Resources */ = {
			isa = PBXResourcesBuildPhase;
			buildActionMask = 2147483647;
			files = (
			);
			runOnlyForDeploymentPostprocessing = 0;
		};
		3C378151220ABC9F00225723 /* Resources */ = {
			isa = PBXResourcesBuildPhase;
			buildActionMask = 2147483647;
			files = (
			);
			runOnlyForDeploymentPostprocessing = 0;
		};
/* End PBXResourcesBuildPhase section */

/* Begin PBXSourcesBuildPhase section */
		3C37812D220ABC9F00225723 /* Sources */ = {
			isa = PBXSourcesBuildPhase;
			buildActionMask = 2147483647;
			files = (
				3C83C573220C0EDC00A5DBAC /* HasilViewController.swift in Sources */,
				3C93463222116DFA007BEFB9 /* CoreDataAudio.swift in Sources */,
				3C06BCCD220AD8B600455D9C /* RecordingVC.swift in Sources */,
				3C31E69B220AE3AB00E33910 /* Helpers.swift in Sources */,
				3C0EFC9922111A9400FEB948 /* Audio+CoreDataClass.swift in Sources */,
				1EF1D5DD220BD52700EF8BAB /* HistoryDetail.swift in Sources */,
				1EF1D5DE220BD52700EF8BAB /* HistoryViewController.swift in Sources */,
				3C378137220ABC9F00225723 /* ViewController.swift in Sources */,
				3C0EFC9A22111A9400FEB948 /* Audio+CoreDataProperties.swift in Sources */,
				1EF1D5DF220BD52700EF8BAB /* LabelTableViewCell.swift in Sources */,
				1EF1D5DC220BD52700EF8BAB /* DateTableViewCell.swift in Sources */,
				1EF1D64D220BD89600EF8BAB /* TopicViewController.swift in Sources */,
				3C31E69A220AE3AB00E33910 /* FuncAndStuffs.swift in Sources */,
				3C378135220ABC9F00225723 /* AppDelegate.swift in Sources */,
				1E1B62B2221413AC005B59AA /* LatihanPakeTopik.swift in Sources */,
				1EB5D3D8220AD0B9000A5C44 /* AlvaTesting.swift in Sources */,
				1EF1D5E1220BD54400EF8BAB /* LessonVC.swift in Sources */,
				3C6E38A1221265FC00F0FB44 /* RootTabBarViewController.swift in Sources */,
				3CB5913D220D741900B8926C /* LatihanTopicVC.swift in Sources */,
			);
			runOnlyForDeploymentPostprocessing = 0;
		};
		3C378144220ABC9F00225723 /* Sources */ = {
			isa = PBXSourcesBuildPhase;
			buildActionMask = 2147483647;
			files = (
				3C37814D220ABC9F00225723 /* final_challengeTests.swift in Sources */,
			);
			runOnlyForDeploymentPostprocessing = 0;
		};
		3C37814F220ABC9F00225723 /* Sources */ = {
			isa = PBXSourcesBuildPhase;
			buildActionMask = 2147483647;
			files = (
				3C378158220ABC9F00225723 /* final_challengeUITests.swift in Sources */,
			);
			runOnlyForDeploymentPostprocessing = 0;
		};
/* End PBXSourcesBuildPhase section */

/* Begin PBXTargetDependency section */
		3C37814A220ABC9F00225723 /* PBXTargetDependency */ = {
			isa = PBXTargetDependency;
			target = 3C378130220ABC9F00225723 /* final challenge */;
			targetProxy = 3C378149220ABC9F00225723 /* PBXContainerItemProxy */;
		};
		3C378155220ABC9F00225723 /* PBXTargetDependency */ = {
			isa = PBXTargetDependency;
			target = 3C378130220ABC9F00225723 /* final challenge */;
			targetProxy = 3C378154220ABC9F00225723 /* PBXContainerItemProxy */;
		};
/* End PBXTargetDependency section */

/* Begin PBXVariantGroup section */
		3C378138220ABC9F00225723 /* Main.storyboard */ = {
			isa = PBXVariantGroup;
			children = (
				3C378139220ABC9F00225723 /* Base */,
			);
			name = Main.storyboard;
			sourceTree = "<group>";
		};
		3C378140220ABC9F00225723 /* LaunchScreen.storyboard */ = {
			isa = PBXVariantGroup;
			children = (
				3C378141220ABC9F00225723 /* Base */,
			);
			name = LaunchScreen.storyboard;
			sourceTree = "<group>";
		};
		3C378165220ABFBC00225723 /* Pelajaran.storyboard */ = {
			isa = PBXVariantGroup;
			children = (
				3C378166220ABFBC00225723 /* Base */,
			);
			name = Pelajaran.storyboard;
			sourceTree = "<group>";
		};
		3C37816E220AC01100225723 /* Riwayat.storyboard */ = {
			isa = PBXVariantGroup;
			children = (
				3C37816F220AC01100225723 /* Base */,
			);
			name = Riwayat.storyboard;
			sourceTree = "<group>";
		};
/* End PBXVariantGroup section */

/* Begin XCBuildConfiguration section */
		3C37815A220ABC9F00225723 /* Debug */ = {
			isa = XCBuildConfiguration;
			buildSettings = {
				ALWAYS_SEARCH_USER_PATHS = NO;
				CLANG_ANALYZER_NONNULL = YES;
				CLANG_ANALYZER_NUMBER_OBJECT_CONVERSION = YES_AGGRESSIVE;
				CLANG_CXX_LANGUAGE_STANDARD = "gnu++14";
				CLANG_CXX_LIBRARY = "libc++";
				CLANG_ENABLE_MODULES = YES;
				CLANG_ENABLE_OBJC_ARC = YES;
				CLANG_ENABLE_OBJC_WEAK = YES;
				CLANG_WARN_BLOCK_CAPTURE_AUTORELEASING = YES;
				CLANG_WARN_BOOL_CONVERSION = YES;
				CLANG_WARN_COMMA = YES;
				CLANG_WARN_CONSTANT_CONVERSION = YES;
				CLANG_WARN_DEPRECATED_OBJC_IMPLEMENTATIONS = YES;
				CLANG_WARN_DIRECT_OBJC_ISA_USAGE = YES_ERROR;
				CLANG_WARN_DOCUMENTATION_COMMENTS = YES;
				CLANG_WARN_EMPTY_BODY = YES;
				CLANG_WARN_ENUM_CONVERSION = YES;
				CLANG_WARN_INFINITE_RECURSION = YES;
				CLANG_WARN_INT_CONVERSION = YES;
				CLANG_WARN_NON_LITERAL_NULL_CONVERSION = YES;
				CLANG_WARN_OBJC_IMPLICIT_RETAIN_SELF = YES;
				CLANG_WARN_OBJC_LITERAL_CONVERSION = YES;
				CLANG_WARN_OBJC_ROOT_CLASS = YES_ERROR;
				CLANG_WARN_RANGE_LOOP_ANALYSIS = YES;
				CLANG_WARN_STRICT_PROTOTYPES = YES;
				CLANG_WARN_SUSPICIOUS_MOVE = YES;
				CLANG_WARN_UNGUARDED_AVAILABILITY = YES_AGGRESSIVE;
				CLANG_WARN_UNREACHABLE_CODE = YES;
				CLANG_WARN__DUPLICATE_METHOD_MATCH = YES;
				CODE_SIGN_IDENTITY = "iPhone Developer";
				COPY_PHASE_STRIP = NO;
				DEBUG_INFORMATION_FORMAT = dwarf;
				ENABLE_STRICT_OBJC_MSGSEND = YES;
				ENABLE_TESTABILITY = YES;
				GCC_C_LANGUAGE_STANDARD = gnu11;
				GCC_DYNAMIC_NO_PIC = NO;
				GCC_NO_COMMON_BLOCKS = YES;
				GCC_OPTIMIZATION_LEVEL = 0;
				GCC_PREPROCESSOR_DEFINITIONS = (
					"DEBUG=1",
					"$(inherited)",
				);
				GCC_WARN_64_TO_32_BIT_CONVERSION = YES;
				GCC_WARN_ABOUT_RETURN_TYPE = YES_ERROR;
				GCC_WARN_UNDECLARED_SELECTOR = YES;
				GCC_WARN_UNINITIALIZED_AUTOS = YES_AGGRESSIVE;
				GCC_WARN_UNUSED_FUNCTION = YES;
				GCC_WARN_UNUSED_VARIABLE = YES;
				IPHONEOS_DEPLOYMENT_TARGET = 12.1;
				MTL_ENABLE_DEBUG_INFO = INCLUDE_SOURCE;
				MTL_FAST_MATH = YES;
				ONLY_ACTIVE_ARCH = YES;
				SDKROOT = iphoneos;
				SWIFT_ACTIVE_COMPILATION_CONDITIONS = DEBUG;
				SWIFT_OPTIMIZATION_LEVEL = "-Onone";
			};
			name = Debug;
		};
		3C37815B220ABC9F00225723 /* Release */ = {
			isa = XCBuildConfiguration;
			buildSettings = {
				ALWAYS_SEARCH_USER_PATHS = NO;
				CLANG_ANALYZER_NONNULL = YES;
				CLANG_ANALYZER_NUMBER_OBJECT_CONVERSION = YES_AGGRESSIVE;
				CLANG_CXX_LANGUAGE_STANDARD = "gnu++14";
				CLANG_CXX_LIBRARY = "libc++";
				CLANG_ENABLE_MODULES = YES;
				CLANG_ENABLE_OBJC_ARC = YES;
				CLANG_ENABLE_OBJC_WEAK = YES;
				CLANG_WARN_BLOCK_CAPTURE_AUTORELEASING = YES;
				CLANG_WARN_BOOL_CONVERSION = YES;
				CLANG_WARN_COMMA = YES;
				CLANG_WARN_CONSTANT_CONVERSION = YES;
				CLANG_WARN_DEPRECATED_OBJC_IMPLEMENTATIONS = YES;
				CLANG_WARN_DIRECT_OBJC_ISA_USAGE = YES_ERROR;
				CLANG_WARN_DOCUMENTATION_COMMENTS = YES;
				CLANG_WARN_EMPTY_BODY = YES;
				CLANG_WARN_ENUM_CONVERSION = YES;
				CLANG_WARN_INFINITE_RECURSION = YES;
				CLANG_WARN_INT_CONVERSION = YES;
				CLANG_WARN_NON_LITERAL_NULL_CONVERSION = YES;
				CLANG_WARN_OBJC_IMPLICIT_RETAIN_SELF = YES;
				CLANG_WARN_OBJC_LITERAL_CONVERSION = YES;
				CLANG_WARN_OBJC_ROOT_CLASS = YES_ERROR;
				CLANG_WARN_RANGE_LOOP_ANALYSIS = YES;
				CLANG_WARN_STRICT_PROTOTYPES = YES;
				CLANG_WARN_SUSPICIOUS_MOVE = YES;
				CLANG_WARN_UNGUARDED_AVAILABILITY = YES_AGGRESSIVE;
				CLANG_WARN_UNREACHABLE_CODE = YES;
				CLANG_WARN__DUPLICATE_METHOD_MATCH = YES;
				CODE_SIGN_IDENTITY = "iPhone Developer";
				COPY_PHASE_STRIP = NO;
				DEBUG_INFORMATION_FORMAT = "dwarf-with-dsym";
				ENABLE_NS_ASSERTIONS = NO;
				ENABLE_STRICT_OBJC_MSGSEND = YES;
				GCC_C_LANGUAGE_STANDARD = gnu11;
				GCC_NO_COMMON_BLOCKS = YES;
				GCC_WARN_64_TO_32_BIT_CONVERSION = YES;
				GCC_WARN_ABOUT_RETURN_TYPE = YES_ERROR;
				GCC_WARN_UNDECLARED_SELECTOR = YES;
				GCC_WARN_UNINITIALIZED_AUTOS = YES_AGGRESSIVE;
				GCC_WARN_UNUSED_FUNCTION = YES;
				GCC_WARN_UNUSED_VARIABLE = YES;
				IPHONEOS_DEPLOYMENT_TARGET = 12.1;
				MTL_ENABLE_DEBUG_INFO = NO;
				MTL_FAST_MATH = YES;
				SDKROOT = iphoneos;
				SWIFT_COMPILATION_MODE = wholemodule;
				SWIFT_OPTIMIZATION_LEVEL = "-O";
				VALIDATE_PRODUCT = YES;
			};
			name = Release;
		};
		3C37815D220ABC9F00225723 /* Debug */ = {
			isa = XCBuildConfiguration;
			buildSettings = {
				ASSETCATALOG_COMPILER_APPICON_NAME = AppIcon;
				CODE_SIGN_STYLE = Automatic;
				DEVELOPMENT_TEAM = 6QR34RC9H5;
				INFOPLIST_FILE = "final challenge/Info.plist";
				LD_RUNPATH_SEARCH_PATHS = (
					"$(inherited)",
					"@executable_path/Frameworks",
				);
				PRODUCT_BUNDLE_IDENTIFIER = "iosda.final-challenge";
				PRODUCT_NAME = "$(TARGET_NAME)";
				SWIFT_VERSION = 4.2;
				TARGETED_DEVICE_FAMILY = 1;
			};
			name = Debug;
		};
		3C37815E220ABC9F00225723 /* Release */ = {
			isa = XCBuildConfiguration;
			buildSettings = {
				ASSETCATALOG_COMPILER_APPICON_NAME = AppIcon;
				CODE_SIGN_STYLE = Automatic;
				DEVELOPMENT_TEAM = 6QR34RC9H5;
				INFOPLIST_FILE = "final challenge/Info.plist";
				LD_RUNPATH_SEARCH_PATHS = (
					"$(inherited)",
					"@executable_path/Frameworks",
				);
				PRODUCT_BUNDLE_IDENTIFIER = "iosda.final-challenge";
				PRODUCT_NAME = "$(TARGET_NAME)";
				SWIFT_VERSION = 4.2;
				TARGETED_DEVICE_FAMILY = 1;
			};
			name = Release;
		};
		3C378160220ABC9F00225723 /* Debug */ = {
			isa = XCBuildConfiguration;
			buildSettings = {
				ALWAYS_EMBED_SWIFT_STANDARD_LIBRARIES = YES;
				BUNDLE_LOADER = "$(TEST_HOST)";
				CODE_SIGN_STYLE = Automatic;
				DEVELOPMENT_TEAM = 6QR34RC9H5;
				INFOPLIST_FILE = "final challengeTests/Info.plist";
				LD_RUNPATH_SEARCH_PATHS = (
					"$(inherited)",
					"@executable_path/Frameworks",
					"@loader_path/Frameworks",
				);
				PRODUCT_BUNDLE_IDENTIFIER = "iosda.final-challengeTests";
				PRODUCT_NAME = "$(TARGET_NAME)";
				SWIFT_VERSION = 4.2;
				TARGETED_DEVICE_FAMILY = "1,2";
				TEST_HOST = "$(BUILT_PRODUCTS_DIR)/final challenge.app/final challenge";
			};
			name = Debug;
		};
		3C378161220ABC9F00225723 /* Release */ = {
			isa = XCBuildConfiguration;
			buildSettings = {
				ALWAYS_EMBED_SWIFT_STANDARD_LIBRARIES = YES;
				BUNDLE_LOADER = "$(TEST_HOST)";
				CODE_SIGN_STYLE = Automatic;
				DEVELOPMENT_TEAM = 6QR34RC9H5;
				INFOPLIST_FILE = "final challengeTests/Info.plist";
				LD_RUNPATH_SEARCH_PATHS = (
					"$(inherited)",
					"@executable_path/Frameworks",
					"@loader_path/Frameworks",
				);
				PRODUCT_BUNDLE_IDENTIFIER = "iosda.final-challengeTests";
				PRODUCT_NAME = "$(TARGET_NAME)";
				SWIFT_VERSION = 4.2;
				TARGETED_DEVICE_FAMILY = "1,2";
				TEST_HOST = "$(BUILT_PRODUCTS_DIR)/final challenge.app/final challenge";
			};
			name = Release;
		};
		3C378163220ABC9F00225723 /* Debug */ = {
			isa = XCBuildConfiguration;
			buildSettings = {
				ALWAYS_EMBED_SWIFT_STANDARD_LIBRARIES = YES;
				CODE_SIGN_STYLE = Automatic;
				DEVELOPMENT_TEAM = 6QR34RC9H5;
				INFOPLIST_FILE = "final challengeUITests/Info.plist";
				LD_RUNPATH_SEARCH_PATHS = (
					"$(inherited)",
					"@executable_path/Frameworks",
					"@loader_path/Frameworks",
				);
				PRODUCT_BUNDLE_IDENTIFIER = "iosda.final-challengeUITests";
				PRODUCT_NAME = "$(TARGET_NAME)";
				SWIFT_VERSION = 4.2;
				TARGETED_DEVICE_FAMILY = "1,2";
				TEST_TARGET_NAME = "final challenge";
			};
			name = Debug;
		};
		3C378164220ABC9F00225723 /* Release */ = {
			isa = XCBuildConfiguration;
			buildSettings = {
				ALWAYS_EMBED_SWIFT_STANDARD_LIBRARIES = YES;
				CODE_SIGN_STYLE = Automatic;
				DEVELOPMENT_TEAM = 6QR34RC9H5;
				INFOPLIST_FILE = "final challengeUITests/Info.plist";
				LD_RUNPATH_SEARCH_PATHS = (
					"$(inherited)",
					"@executable_path/Frameworks",
					"@loader_path/Frameworks",
				);
				PRODUCT_BUNDLE_IDENTIFIER = "iosda.final-challengeUITests";
				PRODUCT_NAME = "$(TARGET_NAME)";
				SWIFT_VERSION = 4.2;
				TARGETED_DEVICE_FAMILY = "1,2";
				TEST_TARGET_NAME = "final challenge";
			};
			name = Release;
		};
/* End XCBuildConfiguration section */

/* Begin XCConfigurationList section */
		3C37812C220ABC9F00225723 /* Build configuration list for PBXProject "final challenge" */ = {
			isa = XCConfigurationList;
			buildConfigurations = (
				3C37815A220ABC9F00225723 /* Debug */,
				3C37815B220ABC9F00225723 /* Release */,
			);
			defaultConfigurationIsVisible = 0;
			defaultConfigurationName = Release;
		};
		3C37815C220ABC9F00225723 /* Build configuration list for PBXNativeTarget "final challenge" */ = {
			isa = XCConfigurationList;
			buildConfigurations = (
				3C37815D220ABC9F00225723 /* Debug */,
				3C37815E220ABC9F00225723 /* Release */,
			);
			defaultConfigurationIsVisible = 0;
			defaultConfigurationName = Release;
		};
		3C37815F220ABC9F00225723 /* Build configuration list for PBXNativeTarget "final challengeTests" */ = {
			isa = XCConfigurationList;
			buildConfigurations = (
				3C378160220ABC9F00225723 /* Debug */,
				3C378161220ABC9F00225723 /* Release */,
			);
			defaultConfigurationIsVisible = 0;
			defaultConfigurationName = Release;
		};
		3C378162220ABC9F00225723 /* Build configuration list for PBXNativeTarget "final challengeUITests" */ = {
			isa = XCConfigurationList;
			buildConfigurations = (
				3C378163220ABC9F00225723 /* Debug */,
				3C378164220ABC9F00225723 /* Release */,
			);
			defaultConfigurationIsVisible = 0;
			defaultConfigurationName = Release;
		};
/* End XCConfigurationList section */

/* Begin XCVersionGroup section */
		3C37813B220ABC9F00225723 /* final_challenge.xcdatamodeld */ = {
			isa = XCVersionGroup;
			children = (
				3C37813C220ABC9F00225723 /* final_challenge.xcdatamodel */,
			);
			currentVersion = 3C37813C220ABC9F00225723 /* final_challenge.xcdatamodel */;
			path = final_challenge.xcdatamodeld;
			sourceTree = "<group>";
			versionGroupType = wrapper.xcdatamodel;
		};
/* End XCVersionGroup section */
	};
	rootObject = 3C378129220ABC9F00225723 /* Project object */;
}
